
Microsoft Visual Studio Solution File, Format Version 12.00
# Visual Studio 15
VisualStudioVersion = 15.0.28307.779
MinimumVisualStudioVersion = 10.0.40219.1
Project("{9A19103F-16F7-4668-BE54-9A1E7A4F7556}") = "VirtualPets", "VirtualPets\VirtualPets.csproj", "{6F4285F7-D6FE-4A38-9364-CEF829FCC494}"
EndProject
Project("{9A19103F-16F7-4668-BE54-9A1E7A4F7556}") = "VirtualPets.Tests", "VirtualPets.Tests\VirtualPets.Tests.csproj", "{EEA52F73-D5AE-4758-88E7-C5CA9EAFF9C7}"
EndProject
Global
	GlobalSection(SolutionConfigurationPlatforms) = preSolution
		Debug|Any CPU = Debug|Any CPU
		Release|Any CPU = Release|Any CPU
	EndGlobalSection
	GlobalSection(ProjectConfigurationPlatforms) = postSolution
		{6F4285F7-D6FE-4A38-9364-CEF829FCC494}.Debug|Any CPU.ActiveCfg = Debug|Any CPU
		{6F4285F7-D6FE-4A38-9364-CEF829FCC494}.Debug|Any CPU.Build.0 = Debug|Any CPU
		{6F4285F7-D6FE-4A38-9364-CEF829FCC494}.Release|Any CPU.ActiveCfg = Release|Any CPU
		{6F4285F7-D6FE-4A38-9364-CEF829FCC494}.Release|Any CPU.Build.0 = Release|Any CPU
		{EEA52F73-D5AE-4758-88E7-C5CA9EAFF9C7}.Debug|Any CPU.ActiveCfg = Debug|Any CPU
		{EEA52F73-D5AE-4758-88E7-C5CA9EAFF9C7}.Debug|Any CPU.Build.0 = Debug|Any CPU
		{EEA52F73-D5AE-4758-88E7-C5CA9EAFF9C7}.Release|Any CPU.ActiveCfg = Release|Any CPU
		{EEA52F73-D5AE-4758-88E7-C5CA9EAFF9C7}.Release|Any CPU.Build.0 = Release|Any CPU
	EndGlobalSection
	GlobalSection(SolutionProperties) = preSolution
		HideSolutionNode = FALSE
	EndGlobalSection
	GlobalSection(ExtensibilityGlobals) = postSolution
		SolutionGuid = {BBC29D53-E78E-4071-8D6F-150570120311}
	EndGlobalSection
EndGlobal
